
Microsoft Visual Studio Solution File, Format Version 12.00
# Visual Studio 15
VisualStudioVersion = 15.0.28307.572
MinimumVisualStudioVersion = 10.0.40219.1
Project("{FAE04EC0-301F-11D3-BF4B-00C04F79EFBC}") = "MoviesApp", "MoviesApp\MoviesApp.csproj", "{E448FFCC-B0DD-4EC9-85FF-03F70BD3AD88}"
EndProject
Project("{FAE04EC0-301F-11D3-BF4B-00C04F79EFBC}") = "DAL", "DAL\DAL.csproj", "{060BF145-97D0-4425-882F-6403E73F83E1}"
EndProject
Project("{FAE04EC0-301F-11D3-BF4B-00C04F79EFBC}") = "Models", "Models\Models.csproj", "{D47A9A66-7826-47D6-99A7-5E2339377860}"
EndProject
Global
	GlobalSection(SolutionConfigurationPlatforms) = preSolution
		Debug|Any CPU = Debug|Any CPU
		Release|Any CPU = Release|Any CPU
	EndGlobalSection
	GlobalSection(ProjectConfigurationPlatforms) = postSolution
		{E448FFCC-B0DD-4EC9-85FF-03F70BD3AD88}.Debug|Any CPU.ActiveCfg = Debug|Any CPU
		{E448FFCC-B0DD-4EC9-85FF-03F70BD3AD88}.Debug|Any CPU.Build.0 = Debug|Any CPU
		{E448FFCC-B0DD-4EC9-85FF-03F70BD3AD88}.Release|Any CPU.ActiveCfg = Release|Any CPU
		{E448FFCC-B0DD-4EC9-85FF-03F70BD3AD88}.Release|Any CPU.Build.0 = Release|Any CPU
		{060BF145-97D0-4425-882F-6403E73F83E1}.Debug|Any CPU.ActiveCfg = Debug|Any CPU
		{060BF145-97D0-4425-882F-6403E73F83E1}.Debug|Any CPU.Build.0 = Debug|Any CPU
		{060BF145-97D0-4425-882F-6403E73F83E1}.Release|Any CPU.ActiveCfg = Release|Any CPU
		{060BF145-97D0-4425-882F-6403E73F83E1}.Release|Any CPU.Build.0 = Release|Any CPU
		{D47A9A66-7826-47D6-99A7-5E2339377860}.Debug|Any CPU.ActiveCfg = Debug|Any CPU
		{D47A9A66-7826-47D6-99A7-5E2339377860}.Debug|Any CPU.Build.0 = Debug|Any CPU
		{D47A9A66-7826-47D6-99A7-5E2339377860}.Release|Any CPU.ActiveCfg = Release|Any CPU
		{D47A9A66-7826-47D6-99A7-5E2339377860}.Release|Any CPU.Build.0 = Release|Any CPU
	EndGlobalSection
	GlobalSection(SolutionProperties) = preSolution
		HideSolutionNode = FALSE
	EndGlobalSection
	GlobalSection(ExtensibilityGlobals) = postSolution
		SolutionGuid = {1B9A44F8-AD84-4FC1-910A-491E4D7AADDF}
	EndGlobalSection
EndGlobal
